
Microsoft Visual Studio Solution File, Format Version 12.00
# Visual Studio Version 16
VisualStudioVersion = 16.0.28803.202
MinimumVisualStudioVersion = 10.0.40219.1
Project("{FAE04EC0-301F-11D3-BF4B-00C04F79EFBC}") = "Grafos", "Grafos\Grafos.csproj", "{D0EEEF4A-7FF0-4621-AEB1-E57514A57407}"
EndProject
Project("{FAE04EC0-301F-11D3-BF4B-00C04F79EFBC}") = "GrafosTests", "GrafosTests1\GrafosTests.csproj", "{AE585291-D123-41EB-B6C1-9F14A018705C}"
EndProject
Project("{FAE04EC0-301F-11D3-BF4B-00C04F79EFBC}") = "GrafosTests2", "GrafosTests2\GrafosTests2.csproj", "{F6663F84-0427-46BD-8EDD-0BA0439DAFBC}"
EndProject
Global
	GlobalSection(SolutionConfigurationPlatforms) = preSolution
		Debug|Any CPU = Debug|Any CPU
		Release|Any CPU = Release|Any CPU
	EndGlobalSection
	GlobalSection(ProjectConfigurationPlatforms) = postSolution
		{D0EEEF4A-7FF0-4621-AEB1-E57514A57407}.Debug|Any CPU.ActiveCfg = Debug|Any CPU
		{D0EEEF4A-7FF0-4621-AEB1-E57514A57407}.Debug|Any CPU.Build.0 = Debug|Any CPU
		{D0EEEF4A-7FF0-4621-AEB1-E57514A57407}.Release|Any CPU.ActiveCfg = Release|Any CPU
		{D0EEEF4A-7FF0-4621-AEB1-E57514A57407}.Release|Any CPU.Build.0 = Release|Any CPU
		{AE585291-D123-41EB-B6C1-9F14A018705C}.Debug|Any CPU.ActiveCfg = Debug|Any CPU
		{AE585291-D123-41EB-B6C1-9F14A018705C}.Debug|Any CPU.Build.0 = Debug|Any CPU
		{AE585291-D123-41EB-B6C1-9F14A018705C}.Release|Any CPU.ActiveCfg = Release|Any CPU
		{AE585291-D123-41EB-B6C1-9F14A018705C}.Release|Any CPU.Build.0 = Release|Any CPU
		{F6663F84-0427-46BD-8EDD-0BA0439DAFBC}.Debug|Any CPU.ActiveCfg = Debug|Any CPU
		{F6663F84-0427-46BD-8EDD-0BA0439DAFBC}.Debug|Any CPU.Build.0 = Debug|Any CPU
		{F6663F84-0427-46BD-8EDD-0BA0439DAFBC}.Release|Any CPU.ActiveCfg = Release|Any CPU
		{F6663F84-0427-46BD-8EDD-0BA0439DAFBC}.Release|Any CPU.Build.0 = Release|Any CPU
	EndGlobalSection
	GlobalSection(SolutionProperties) = preSolution
		HideSolutionNode = FALSE
	EndGlobalSection
	GlobalSection(ExtensibilityGlobals) = postSolution
		SolutionGuid = {E80C0A34-535B-4937-BD6F-6D2D4A7975A9}
	EndGlobalSection
EndGlobal
